
Microsoft Visual Studio Solution File, Format Version 12.00
# Visual Studio 15
VisualStudioVersion = 15.0.33423.255
MinimumVisualStudioVersion = 10.0.40219.1
Project("{FAE04EC0-301F-11D3-BF4B-00C04F79EFBC}") = "punto2", "punto2\punto2.csproj", "{98DC401D-4FCC-4485-B9B6-4DEB7A1051AB}"
EndProject
Global
	GlobalSection(SolutionConfigurationPlatforms) = preSolution
		Debug|Any CPU = Debug|Any CPU
		Release|Any CPU = Release|Any CPU
	EndGlobalSection
	GlobalSection(ProjectConfigurationPlatforms) = postSolution
		{98DC401D-4FCC-4485-B9B6-4DEB7A1051AB}.Debug|Any CPU.ActiveCfg = Debug|Any CPU
		{98DC401D-4FCC-4485-B9B6-4DEB7A1051AB}.Debug|Any CPU.Build.0 = Debug|Any CPU
		{98DC401D-4FCC-4485-B9B6-4DEB7A1051AB}.Release|Any CPU.ActiveCfg = Release|Any CPU
		{98DC401D-4FCC-4485-B9B6-4DEB7A1051AB}.Release|Any CPU.Build.0 = Release|Any CPU
	EndGlobalSection
	GlobalSection(SolutionProperties) = preSolution
		HideSolutionNode = FALSE
	EndGlobalSection
	GlobalSection(ExtensibilityGlobals) = postSolution
		SolutionGuid = {919B6D90-EA96-45CB-8582-9C5E509FE9EB}
	EndGlobalSection
EndGlobal
