
Microsoft Visual Studio Solution File, Format Version 12.00
# Visual Studio 15
VisualStudioVersion = 15.0.33423.255
MinimumVisualStudioVersion = 10.0.40219.1
Project("{FAE04EC0-301F-11D3-BF4B-00C04F79EFBC}") = "tp1", "tp1\tp1.csproj", "{67980EF2-8715-4269-8E9B-83AE4DAF90D3}"
EndProject
Global
	GlobalSection(SolutionConfigurationPlatforms) = preSolution
		Debug|Any CPU = Debug|Any CPU
		Release|Any CPU = Release|Any CPU
	EndGlobalSection
	GlobalSection(ProjectConfigurationPlatforms) = postSolution
		{67980EF2-8715-4269-8E9B-83AE4DAF90D3}.Debug|Any CPU.ActiveCfg = Debug|Any CPU
		{67980EF2-8715-4269-8E9B-83AE4DAF90D3}.Debug|Any CPU.Build.0 = Debug|Any CPU
		{67980EF2-8715-4269-8E9B-83AE4DAF90D3}.Release|Any CPU.ActiveCfg = Release|Any CPU
		{67980EF2-8715-4269-8E9B-83AE4DAF90D3}.Release|Any CPU.Build.0 = Release|Any CPU
	EndGlobalSection
	GlobalSection(SolutionProperties) = preSolution
		HideSolutionNode = FALSE
	EndGlobalSection
	GlobalSection(ExtensibilityGlobals) = postSolution
		SolutionGuid = {30FAC4AB-6BDA-4329-BDE6-B7CB10DCAC64}
	EndGlobalSection
EndGlobal
